
Microsoft Visual Studio Solution File, Format Version 12.00
# Visual Studio Version 17
VisualStudioVersion = 17.14.36310.24 d17.14
MinimumVisualStudioVersion = 10.0.40219.1
Project("{FAE04EC0-301F-11D3-BF4B-00C04F79EFBC}") = "ArtOfUnitTesting", "ArtOfUnitTesting\ArtOfUnitTesting.csproj", "{FA2D1644-E1D4-43B3-ABBF-3066C582D408}"
EndProject
Global
	GlobalSection(SolutionConfigurationPlatforms) = preSolution
		Debug|Any CPU = Debug|Any CPU
		Release|Any CPU = Release|Any CPU
	EndGlobalSection
	GlobalSection(ProjectConfigurationPlatforms) = postSolution
		{FA2D1644-E1D4-43B3-ABBF-3066C582D408}.Debug|Any CPU.ActiveCfg = Debug|Any CPU
		{FA2D1644-E1D4-43B3-ABBF-3066C582D408}.Debug|Any CPU.Build.0 = Debug|Any CPU
		{FA2D1644-E1D4-43B3-ABBF-3066C582D408}.Release|Any CPU.ActiveCfg = Release|Any CPU
		{FA2D1644-E1D4-43B3-ABBF-3066C582D408}.Release|Any CPU.Build.0 = Release|Any CPU
	EndGlobalSection
	GlobalSection(SolutionProperties) = preSolution
		HideSolutionNode = FALSE
	EndGlobalSection
	GlobalSection(ExtensibilityGlobals) = postSolution
		SolutionGuid = {C308EF39-27A1-42DD-958C-E22E092A89D1}
	EndGlobalSection
EndGlobal
